
Microsoft Visual Studio Solution File, Format Version 12.00
# Visual Studio Version 17
VisualStudioVersion = 17.1.32414.318
MinimumVisualStudioVersion = 10.0.40219.1
Project("{FAE04EC0-301F-11D3-BF4B-00C04F79EFBC}") = "Linear and Binary Search App", "Linear and Binary Search App.csproj", "{69E363F4-DF2A-4D7B-99CA-3FBF9B2521DF}"
EndProject
Global
	GlobalSection(SolutionConfigurationPlatforms) = preSolution
		Debug|Any CPU = Debug|Any CPU
		Release|Any CPU = Release|Any CPU
	EndGlobalSection
	GlobalSection(ProjectConfigurationPlatforms) = postSolution
		{69E363F4-DF2A-4D7B-99CA-3FBF9B2521DF}.Debug|Any CPU.ActiveCfg = Debug|Any CPU
		{69E363F4-DF2A-4D7B-99CA-3FBF9B2521DF}.Debug|Any CPU.Build.0 = Debug|Any CPU
		{69E363F4-DF2A-4D7B-99CA-3FBF9B2521DF}.Release|Any CPU.ActiveCfg = Release|Any CPU
		{69E363F4-DF2A-4D7B-99CA-3FBF9B2521DF}.Release|Any CPU.Build.0 = Release|Any CPU
	EndGlobalSection
	GlobalSection(SolutionProperties) = preSolution
		HideSolutionNode = FALSE
	EndGlobalSection
	GlobalSection(ExtensibilityGlobals) = postSolution
		SolutionGuid = {4123F5A3-EA08-4E89-AE80-F390C289AE63}
	EndGlobalSection
EndGlobal
